
Microsoft Visual Studio Solution File, Format Version 12.00
# Visual Studio 15
VisualStudioVersion = 15.0.28307.705
MinimumVisualStudioVersion = 10.0.40219.1
Project("{FAE04EC0-301F-11D3-BF4B-00C04F79EFBC}") = "ConvexGen.Net", "ConvexGen.Net\ConvexGen.Net.csproj", "{D5214746-3871-45C5-B107-598033BF2C9C}"
EndProject
Global
	GlobalSection(SolutionConfigurationPlatforms) = preSolution
		Debug|Any CPU = Debug|Any CPU
		Release|Any CPU = Release|Any CPU
	EndGlobalSection
	GlobalSection(ProjectConfigurationPlatforms) = postSolution
		{D5214746-3871-45C5-B107-598033BF2C9C}.Debug|Any CPU.ActiveCfg = Debug|Any CPU
		{D5214746-3871-45C5-B107-598033BF2C9C}.Debug|Any CPU.Build.0 = Debug|Any CPU
		{D5214746-3871-45C5-B107-598033BF2C9C}.Release|Any CPU.ActiveCfg = Release|Any CPU
		{D5214746-3871-45C5-B107-598033BF2C9C}.Release|Any CPU.Build.0 = Release|Any CPU
	EndGlobalSection
	GlobalSection(SolutionProperties) = preSolution
		HideSolutionNode = FALSE
	EndGlobalSection
	GlobalSection(ExtensibilityGlobals) = postSolution
		SolutionGuid = {DD089F0F-283B-45AB-A7B2-1CDF9C0CD91E}
	EndGlobalSection
EndGlobal
